
Microsoft Visual Studio Solution File, Format Version 12.00
# Visual Studio Version 17
VisualStudioVersion = 17.2.32602.215
MinimumVisualStudioVersion = 10.0.40219.1
Project("{FAE04EC0-301F-11D3-BF4B-00C04F79EFBC}") = "test", "test\test.csproj", "{068D2D2E-2BBD-498A-AAAF-D8DA92749AC7}"
EndProject
Global
	GlobalSection(SolutionConfigurationPlatforms) = preSolution
		Debug|Any CPU = Debug|Any CPU
		Release|Any CPU = Release|Any CPU
	EndGlobalSection
	GlobalSection(ProjectConfigurationPlatforms) = postSolution
		{068D2D2E-2BBD-498A-AAAF-D8DA92749AC7}.Debug|Any CPU.ActiveCfg = Debug|Any CPU
		{068D2D2E-2BBD-498A-AAAF-D8DA92749AC7}.Debug|Any CPU.Build.0 = Debug|Any CPU
		{068D2D2E-2BBD-498A-AAAF-D8DA92749AC7}.Release|Any CPU.ActiveCfg = Release|Any CPU
		{068D2D2E-2BBD-498A-AAAF-D8DA92749AC7}.Release|Any CPU.Build.0 = Release|Any CPU
	EndGlobalSection
	GlobalSection(SolutionProperties) = preSolution
		HideSolutionNode = FALSE
	EndGlobalSection
	GlobalSection(ExtensibilityGlobals) = postSolution
		SolutionGuid = {FE5412A0-001E-4CFB-9A57-6123A169FED5}
	EndGlobalSection
EndGlobal
